lockfileVersion: '9.0'

settings:
  autoInstallPeers: true
  excludeLinksFromLockfile: false

importers:

  .:
    dependencies:
      openai:
        specifier: ^5.7.0
        version: 5.7.0

packages:

  openai@5.7.0:
    resolution: {integrity: sha512-zXWawZl6J/P5Wz57/nKzVT3kJQZvogfuyuNVCdEp4/XU2UNrjL7SsuNpWAyLZbo6HVymwmnfno9toVzBhelygA==}
    hasBin: true
    peerDependencies:
      ws: ^8.18.0
      zod: ^3.23.8
    peerDependenciesMeta:
      ws:
        optional: true
      zod:
        optional: true

snapshots:

  openai@5.7.0: {}
